Microsoft Visual Studio Solution File, Format Version 12.00
# Visual Studio 14
VisualStudioVersion = 14.0.23107.0
MinimumVisualStudioVersion = 10.0.40219.1
Project("{8BC9CEB8-8B4A-11D0-8D11-00A0C91BC942}") = "MREngine", "MREngine\MREngine.vcxproj", "{B412B016-8BDD-38A4-9034-117DAC07A45F}"
EndProject
Project("{8BC9CEB8-8B4A-11D0-8D11-00A0C91BC942}") = "UIControl", "UIControl\UIControl.vcxproj", "{7DC3AAE0-ECC9-30F2-803B-F1B7D0E675CC}"
EndProject
Project("{8BC9CEB8-8B4A-11D0-8D11-00A0C91BC942}") = "Window", "Window\Window.vcxproj", "{8287E5F2-5F7C-3DF7-86CD-02B9DF7B7A2A}"
	ProjectSection(ProjectDependencies) = postProject
		{7DC3AAE0-ECC9-30F2-803B-F1B7D0E675CC} = {7DC3AAE0-ECC9-30F2-803B-F1B7D0E675CC}
		{CB90E432-CFEA-3EB2-8923-E9CE86A5B62E} = {CB90E432-CFEA-3EB2-8923-E9CE86A5B62E}
		{2929F84A-6B28-39A9-BEB2-88A84C477477} = {2929F84A-6B28-39A9-BEB2-88A84C477477}
		{B412B016-8BDD-38A4-9034-117DAC07A45F} = {B412B016-8BDD-38A4-9034-117DAC07A45F}
	EndProjectSection
EndProject
Project("{8BC9CEB8-8B4A-11D0-8D11-00A0C91BC942}") = "MindReader", "MindReader\MindReader.vcxproj", "{B2371E89-C7AA-3F4E-A19F-68E7AE3EC10C}"
	ProjectSection(ProjectDependencies) = postProject
		{7DC3AAE0-ECC9-30F2-803B-F1B7D0E675CC} = {7DC3AAE0-ECC9-30F2-803B-F1B7D0E675CC}
		{8287E5F2-5F7C-3DF7-86CD-02B9DF7B7A2A} = {8287E5F2-5F7C-3DF7-86CD-02B9DF7B7A2A}
		{CB90E432-CFEA-3EB2-8923-E9CE86A5B62E} = {CB90E432-CFEA-3EB2-8923-E9CE86A5B62E}
		{2929F84A-6B28-39A9-BEB2-88A84C477477} = {2929F84A-6B28-39A9-BEB2-88A84C477477}
		{B412B016-8BDD-38A4-9034-117DAC07A45F} = {B412B016-8BDD-38A4-9034-117DAC07A45F}
	EndProjectSection
EndProject
Project("{8BC9CEB8-8B4A-11D0-8D11-00A0C91BC942}") = "Note", "Note\Note.vcxproj", "{D28B68BE-FC1F-3E2C-A8A4-5017D034CD54}"
EndProject
Project("{8BC9CEB8-8B4A-11D0-8D11-00A0C91BC942}") = "Utility", "Utility\Utility.vcxproj", "{CB90E432-CFEA-3EB2-8923-E9CE86A5B62E}"
EndProject
Project("{8BC9CEB8-8B4A-11D0-8D11-00A0C91BC942}") = "MRData", "MRData\MRData.vcxproj", "{2929F84A-6B28-39A9-BEB2-88A84C477477}"
EndProject
Project("{8BC9CEB8-8B4A-11D0-8D11-00A0C91BC942}") = "uilabelplugin", "UIControls\uilabelplugin.vcxproj", "{01C01F03-4BE2-3201-ACC7-22CB00C8064E}"
EndProject
Project("{8BC9CEB8-8B4A-11D0-8D11-00A0C91BC942}") = "MRMindMap", "MRMindMap\MRMindMap.vcxproj", "{9DB4324B-1578-39F3-8539-FBABC588C12E}"
EndProject
Project("{8BC9CEB8-8B4A-11D0-8D11-00A0C91BC942}") = "MRTest", "MRTest\MRTest.vcxproj", "{7DDFC239-5B85-3253-9158-F4633BBE949D}"
	ProjectSection(ProjectDependencies) = postProject
		{7DC3AAE0-ECC9-30F2-803B-F1B7D0E675CC} = {7DC3AAE0-ECC9-30F2-803B-F1B7D0E675CC}
		{CB90E432-CFEA-3EB2-8923-E9CE86A5B62E} = {CB90E432-CFEA-3EB2-8923-E9CE86A5B62E}
		{2929F84A-6B28-39A9-BEB2-88A84C477477} = {2929F84A-6B28-39A9-BEB2-88A84C477477}
		{B412B016-8BDD-38A4-9034-117DAC07A45F} = {B412B016-8BDD-38A4-9034-117DAC07A45F}
		{8287E5F2-5F7C-3DF7-86CD-02B9DF7B7A2A} = {8287E5F2-5F7C-3DF7-86CD-02B9DF7B7A2A}
	EndProjectSection
EndProject
Global
	GlobalSection(SolutionConfigurationPlatforms) = preSolution
		Debug|Win32 = Debug|Win32
		Release|Win32 = Release|Win32
	EndGlobalSection
	GlobalSection(ProjectConfigurationPlatforms) = postSolution
		{B412B016-8BDD-38A4-9034-117DAC07A45F}.Debug|Win32.ActiveCfg = Debug|Win32
		{B412B016-8BDD-38A4-9034-117DAC07A45F}.Debug|Win32.Build.0 = Debug|Win32
		{B412B016-8BDD-38A4-9034-117DAC07A45F}.Release|Win32.ActiveCfg = Release|Win32
		{B412B016-8BDD-38A4-9034-117DAC07A45F}.Release|Win32.Build.0 = Release|Win32
		{7DC3AAE0-ECC9-30F2-803B-F1B7D0E675CC}.Debug|Win32.ActiveCfg = Debug|Win32
		{7DC3AAE0-ECC9-30F2-803B-F1B7D0E675CC}.Debug|Win32.Build.0 = Debug|Win32
		{7DC3AAE0-ECC9-30F2-803B-F1B7D0E675CC}.Release|Win32.ActiveCfg = Release|Win32
		{7DC3AAE0-ECC9-30F2-803B-F1B7D0E675CC}.Release|Win32.Build.0 = Release|Win32
		{8287E5F2-5F7C-3DF7-86CD-02B9DF7B7A2A}.Debug|Win32.ActiveCfg = Debug|Win32
		{8287E5F2-5F7C-3DF7-86CD-02B9DF7B7A2A}.Debug|Win32.Build.0 = Debug|Win32
		{8287E5F2-5F7C-3DF7-86CD-02B9DF7B7A2A}.Release|Win32.ActiveCfg = Release|Win32
		{8287E5F2-5F7C-3DF7-86CD-02B9DF7B7A2A}.Release|Win32.Build.0 = Release|Win32
		{B2371E89-C7AA-3F4E-A19F-68E7AE3EC10C}.Debug|Win32.ActiveCfg = Debug|Win32
		{B2371E89-C7AA-3F4E-A19F-68E7AE3EC10C}.Debug|Win32.Build.0 = Debug|Win32
		{B2371E89-C7AA-3F4E-A19F-68E7AE3EC10C}.Release|Win32.ActiveCfg = Release|Win32
		{B2371E89-C7AA-3F4E-A19F-68E7AE3EC10C}.Release|Win32.Build.0 = Release|Win32
		{D28B68BE-FC1F-3E2C-A8A4-5017D034CD54}.Debug|Win32.ActiveCfg = Debug|Win32
		{D28B68BE-FC1F-3E2C-A8A4-5017D034CD54}.Debug|Win32.Build.0 = Debug|Win32
		{D28B68BE-FC1F-3E2C-A8A4-5017D034CD54}.Release|Win32.ActiveCfg = Release|Win32
		{D28B68BE-FC1F-3E2C-A8A4-5017D034CD54}.Release|Win32.Build.0 = Release|Win32
		{CB90E432-CFEA-3EB2-8923-E9CE86A5B62E}.Debug|Win32.ActiveCfg = Debug|Win32
		{CB90E432-CFEA-3EB2-8923-E9CE86A5B62E}.Debug|Win32.Build.0 = Debug|Win32
		{CB90E432-CFEA-3EB2-8923-E9CE86A5B62E}.Release|Win32.ActiveCfg = Release|Win32
		{CB90E432-CFEA-3EB2-8923-E9CE86A5B62E}.Release|Win32.Build.0 = Release|Win32
		{2929F84A-6B28-39A9-BEB2-88A84C477477}.Debug|Win32.ActiveCfg = Debug|Win32
		{2929F84A-6B28-39A9-BEB2-88A84C477477}.Debug|Win32.Build.0 = Debug|Win32
		{2929F84A-6B28-39A9-BEB2-88A84C477477}.Release|Win32.ActiveCfg = Release|Win32
		{2929F84A-6B28-39A9-BEB2-88A84C477477}.Release|Win32.Build.0 = Release|Win32
		{01C01F03-4BE2-3201-ACC7-22CB00C8064E}.Debug|Win32.ActiveCfg = Debug|Win32
		{01C01F03-4BE2-3201-ACC7-22CB00C8064E}.Debug|Win32.Build.0 = Debug|Win32
		{01C01F03-4BE2-3201-ACC7-22CB00C8064E}.Release|Win32.ActiveCfg = Release|Win32
		{01C01F03-4BE2-3201-ACC7-22CB00C8064E}.Release|Win32.Build.0 = Release|Win32
		{9DB4324B-1578-39F3-8539-FBABC588C12E}.Debug|Win32.ActiveCfg = Debug|Win32
		{9DB4324B-1578-39F3-8539-FBABC588C12E}.Debug|Win32.Build.0 = Debug|Win32
		{9DB4324B-1578-39F3-8539-FBABC588C12E}.Release|Win32.ActiveCfg = Release|Win32
		{9DB4324B-1578-39F3-8539-FBABC588C12E}.Release|Win32.Build.0 = Release|Win32
		{7DDFC239-5B85-3253-9158-F4633BBE949D}.Debug|Win32.ActiveCfg = Debug|Win32
		{7DDFC239-5B85-3253-9158-F4633BBE949D}.Debug|Win32.Build.0 = Debug|Win32
		{7DDFC239-5B85-3253-9158-F4633BBE949D}.Release|Win32.ActiveCfg = Release|Win32
		{7DDFC239-5B85-3253-9158-F4633BBE949D}.Release|Win32.Build.0 = Release|Win32
	EndGlobalSection
	GlobalSection(SolutionProperties) = preSolution
		HideSolutionNode = FALSE
	EndGlobalSection
	GlobalSection(ExtensibilityGlobals) = postSolution
		Qt5Version = msvc2015
	EndGlobalSection
EndGlobal
