<?xml version="1.0" encoding="utf-8"?>
<Project xmlns="http://schemas.microsoft.com/developer/msbuild/2003">
  <ItemGroup>
    <Filter Include="Form Files">
      <UniqueIdentifier>{99349809-55BA-4b9d-BF79-8FDBB0286EB3}</UniqueIdentifier>
      <Extensions>ui</Extensions>
      <ParseFiles>false</ParseFiles>
    </Filter>
    <Filter Include="Form Files">
      <UniqueIdentifier>{99349809-55BA-4b9d-BF79-8FDBB0286EB3}</UniqueIdentifier>
      <Extensions>ui</Extensions>
      <ParseFiles>false</ParseFiles>
    </Filter>
    <Filter Include="Generated Files">
      <UniqueIdentifier>{71ED8ED8-ACB9-4CE9-BBE1-E00B30144E11}</UniqueIdentifier>
      <Extensions>cpp;c;cxx;moc;h;def;odl;idl;res;</Extensions>
    </Filter>
    <Filter Include="Generated Files">
      <UniqueIdentifier>{71ED8ED8-ACB9-4CE9-BBE1-E00B30144E11}</UniqueIdentifier>
      <Extensions>cpp;c;cxx;moc;h;def;odl;idl;res;</Extensions>
    </Filter>
    <Filter Include="Header Files">
      <UniqueIdentifier>{93995380-89BD-4b04-88EB-625FBE52EBFB}</UniqueIdentifier>
      <Extensions>h;hpp;hxx;hm;inl;inc;xsd</Extensions>
    </Filter>
    <Filter Include="Header Files">
      <UniqueIdentifier>{93995380-89BD-4b04-88EB-625FBE52EBFB}</UniqueIdentifier>
      <Extensions>h;hpp;hxx;hm;inl;inc;xsd</Extensions>
    </Filter>
    <Filter Include="Source Files">
      <UniqueIdentifier>{4FC737F1-C7A5-4376-A066-2A32D752A2FF}</UniqueIdentifier>
      <Extensions>cpp;c;cxx;def;odl;idl;hpj;bat;asm;asmx</Extensions>
    </Filter>
    <Filter Include="Source Files">
      <UniqueIdentifier>{4FC737F1-C7A5-4376-A066-2A32D752A2FF}</UniqueIdentifier>
      <Extensions>cpp;c;cxx;def;odl;idl;hpj;bat;asm;asmx</Extensions>
    </Filter>
    <Filter Include="Generated Files\Debug">
      <UniqueIdentifier>{86191e8a-3684-49e8-bf64-e34b19429d30}</UniqueIdentifier>
      <Extensions>cpp;moc</Extensions>
      <SourceControlFiles>False</SourceControlFiles>
    </Filter>
    <Filter Include="Generated Files\Release">
      <UniqueIdentifier>{2e5c3829-330e-440b-a14d-6233cc63a8c5}</UniqueIdentifier>
      <Extensions>cpp;moc</Extensions>
      <SourceControlFiles>False</SourceControlFiles>
    </Filter>
  </ItemGroup>
  <ItemGroup>
    <ClCompile Include="articledisplayercontroller.cpp">
      <Filter>Source Files</Filter>
    </ClCompile>
    <ClCompile Include="articleitem.cpp">
      <Filter>Source Files</Filter>
    </ClCompile>
    <ClCompile Include="articlepagerender.cpp">
      <Filter>Source Files</Filter>
    </ClCompile>
    <ClCompile Include="mrarticleitem.cpp">
      <Filter>Source Files</Filter>
    </ClCompile>
    <ClCompile Include="mrarticleloader.cpp">
      <Filter>Source Files</Filter>
    </ClCompile>
    <ClCompile Include="mrarticlepagedisplayer.cpp">
      <Filter>Source Files</Filter>
    </ClCompile>
    <ClCompile Include="mrarticlepagepainter.cpp">
      <Filter>Source Files</Filter>
    </ClCompile>
    <ClCompile Include="mrarticlereader.cpp">
      <Filter>Source Files</Filter>
    </ClCompile>
    <ClCompile Include="mrarticlescanner.cpp">
      <Filter>Source Files</Filter>
    </ClCompile>
    <ClCompile Include="mrarticleshelf.cpp">
      <Filter>Source Files</Filter>
    </ClCompile>
    <ClCompile Include="mrcursor.cpp">
      <Filter>Source Files</Filter>
    </ClCompile>
    <ClCompile Include="mrlibrary.cpp">
      <Filter>Source Files</Filter>
    </ClCompile>
    <ClCompile Include="mrlibrarytoolbar.cpp">
      <Filter>Source Files</Filter>
    </ClCompile>
    <ClCompile Include="mrlibrarytree.cpp">
      <Filter>Source Files</Filter>
    </ClCompile>
    <ClCompile Include="mrmainwindow.cpp">
      <Filter>Source Files</Filter>
    </ClCompile>
    <ClCompile Include="mrmessagebox.cpp">
      <Filter>Source Files</Filter>
    </ClCompile>
    <ClCompile Include="mrocrrecognizer.cpp">
      <Filter>Source Files</Filter>
    </ClCompile>
    <ClCompile Include="mrpageannotationhelper.cpp">
      <Filter>Source Files</Filter>
    </ClCompile>
    <ClCompile Include="mrreadertoolbar.cpp">
      <Filter>Source Files</Filter>
    </ClCompile>
    <ClCompile Include="mrseriespagedisplayer.cpp">
      <Filter>Source Files</Filter>
    </ClCompile>
    <ClCompile Include="mrsinglepagedisplayer.cpp">
      <Filter>Source Files</Filter>
    </ClCompile>
    <ClCompile Include="mrwindowutility.cpp">
      <Filter>Source Files</Filter>
    </ClCompile>
    <ClCompile Include="mrworkdirsettingwindow.cpp">
      <Filter>Source Files</Filter>
    </ClCompile>
    <ClCompile Include="notecard.cpp">
      <Filter>Source Files</Filter>
    </ClCompile>
    <ClCompile Include="notedisplayer.cpp">
      <Filter>Source Files</Filter>
    </ClCompile>
    <ClCompile Include="readerwithnote.cpp">
      <Filter>Source Files</Filter>
    </ClCompile>
    <ClCompile Include="widgetinterface.cpp">
      <Filter>Source Files</Filter>
    </ClCompile>
    <ClCompile Include="window.cpp">
      <Filter>Source Files</Filter>
    </ClCompile>
    <ClCompile Include="GeneratedFiles\Debug\moc_notecard.cpp">
      <Filter>Generated Files\Debug</Filter>
    </ClCompile>
    <ClCompile Include="GeneratedFiles\Release\moc_notecard.cpp">
      <Filter>Generated Files\Release</Filter>
    </ClCompile>
    <ClCompile Include="mrarticlecanvas.cpp">
      <Filter>Source Files</Filter>
    </ClCompile>
  </ItemGroup>
  <ItemGroup>
    <QtMoc Include="articledisplayercontroller.h">
      <Filter>Header Files</Filter>
    </QtMoc>
    <QtMoc Include="articleitem.h">
      <Filter>Header Files</Filter>
    </QtMoc>
    <QtMoc Include="articlepagerender.h">
      <Filter>Header Files</Filter>
    </QtMoc>
    <QtMoc Include="mrarticleitem.h">
      <Filter>Header Files</Filter>
    </QtMoc>
    <QtMoc Include="mrarticleloader.h">
      <Filter>Header Files</Filter>
    </QtMoc>
    <QtMoc Include="mrarticlepagedisplayer.h">
      <Filter>Header Files</Filter>
    </QtMoc>
    <ClInclude Include="private\mrarticlepagedisplayer_p.h">
      <Filter>Header Files</Filter>
    </ClInclude>
    <ClInclude Include="mrarticlepagepainter.h">
      <Filter>Header Files</Filter>
    </ClInclude>
    <QtMoc Include="mrarticlereader.h">
      <Filter>Header Files</Filter>
    </QtMoc>
    <QtMoc Include="mrarticlescanner.h">
      <Filter>Header Files</Filter>
    </QtMoc>
    <QtMoc Include="mrarticleshelf.h">
      <Filter>Header Files</Filter>
    </QtMoc>
    <ClInclude Include="mrcursor.h">
      <Filter>Header Files</Filter>
    </ClInclude>
    <QtMoc Include="mrlibrary.h">
      <Filter>Header Files</Filter>
    </QtMoc>
    <QtMoc Include="mrlibrarytoolbar.h">
      <Filter>Header Files</Filter>
    </QtMoc>
    <QtMoc Include="mrlibrarytree.h">
      <Filter>Header Files</Filter>
    </QtMoc>
    <QtMoc Include="mrmainwindow.h">
      <Filter>Header Files</Filter>
    </QtMoc>
    <QtMoc Include="mrmessagebox.h">
      <Filter>Header Files</Filter>
    </QtMoc>
    <QtMoc Include="mrocrrecognizer.h">
      <Filter>Header Files</Filter>
    </QtMoc>
    <ClInclude Include="mrpageannotationhelper.h">
      <Filter>Header Files</Filter>
    </ClInclude>
    <QtMoc Include="mrreadertoolbar.h">
      <Filter>Header Files</Filter>
    </QtMoc>
    <QtMoc Include="mrseriespagedisplayer.h">
      <Filter>Header Files</Filter>
    </QtMoc>
    <QtMoc Include="mrsinglepagedisplayer.h">
      <Filter>Header Files</Filter>
    </QtMoc>
    <ClInclude Include="mrwindowutility.h">
      <Filter>Header Files</Filter>
    </ClInclude>
    <QtMoc Include="mrworkdirsettingwindow.h">
      <Filter>Header Files</Filter>
    </QtMoc>
    <QtMoc Include="notedisplayer.h">
      <Filter>Header Files</Filter>
    </QtMoc>
    <QtMoc Include="readerwithnote.h">
      <Filter>Header Files</Filter>
    </QtMoc>
    <ClInclude Include="widgetinterface.h">
      <Filter>Header Files</Filter>
    </ClInclude>
    <ClInclude Include="window.h">
      <Filter>Header Files</Filter>
    </ClInclude>
    <ClInclude Include="window_global.h">
      <Filter>Header Files</Filter>
    </ClInclude>
    <QtMoc Include="mrarticlecanvas.h">
      <Filter>Header Files</Filter>
    </QtMoc>
  </ItemGroup>
  <ItemGroup>
    <CustomBuild Include="debug\moc_predefs.h.cbt">
      <Filter>Generated Files</Filter>
    </CustomBuild>
    <CustomBuild Include="release\moc_predefs.h.cbt">
      <Filter>Generated Files</Filter>
    </CustomBuild>
    <ClInclude Include="ui_articledisplayercontroller.h">
      <Filter>Generated Files</Filter>
    </ClInclude>
    <ClInclude Include="ui_mrarticleitem.h">
      <Filter>Generated Files</Filter>
    </ClInclude>
    <ClInclude Include="ui_mrlibrarytoolbar.h">
      <Filter>Generated Files</Filter>
    </ClInclude>
    <ClInclude Include="ui_mrlibrarytree.h">
      <Filter>Generated Files</Filter>
    </ClInclude>
    <ClInclude Include="ui_mrmainwindow.h">
      <Filter>Generated Files</Filter>
    </ClInclude>
    <ClInclude Include="ui_mrmessagebox.h">
      <Filter>Generated Files</Filter>
    </ClInclude>
    <ClInclude Include="ui_mrreadertoolbar.h">
      <Filter>Generated Files</Filter>
    </ClInclude>
    <ClInclude Include="ui_mrworkdirsettingwindow.h">
      <Filter>Generated Files</Filter>
    </ClInclude>
    <ClInclude Include="ui_notecard.h">
      <Filter>Generated Files</Filter>
    </ClInclude>
    <CustomBuild Include="notecard.h">
      <Filter>Header Files</Filter>
    </CustomBuild>
  </ItemGroup>
  <ItemGroup>
    <QtUic Include="articledisplayercontroller.ui">
      <Filter>Form Files</Filter>
    </QtUic>
    <QtUic Include="mrarticleitem.ui">
      <Filter>Form Files</Filter>
    </QtUic>
    <QtUic Include="mrlibrarytoolbar.ui">
      <Filter>Form Files</Filter>
    </QtUic>
    <QtUic Include="mrlibrarytree.ui">
      <Filter>Form Files</Filter>
    </QtUic>
    <QtUic Include="mrmainwindow.ui">
      <Filter>Form Files</Filter>
    </QtUic>
    <QtUic Include="mrmessagebox.ui">
      <Filter>Form Files</Filter>
    </QtUic>
    <QtUic Include="mrreadertoolbar.ui">
      <Filter>Form Files</Filter>
    </QtUic>
    <QtUic Include="mrworkdirsettingwindow.ui">
      <Filter>Form Files</Filter>
    </QtUic>
    <QtUic Include="notecard.ui">
      <Filter>Form Files</Filter>
    </QtUic>
  </ItemGroup>
  <ItemGroup>
    <None Include="ClassDiagram.cd" />
  </ItemGroup>
</Project>