<?xml version="1.0" encoding="utf-8"?>
<Project xmlns="http://schemas.microsoft.com/developer/msbuild/2003">
  <ItemGroup>
    <Filter Include="Generated Files">
      <UniqueIdentifier>{71ED8ED8-ACB9-4CE9-BBE1-E00B30144E11}</UniqueIdentifier>
      <Extensions>cpp;c;cxx;moc;h;def;odl;idl;res;</Extensions>
    </Filter>
    <Filter Include="Generated Files">
      <UniqueIdentifier>{71ED8ED8-ACB9-4CE9-BBE1-E00B30144E11}</UniqueIdentifier>
      <Extensions>cpp;c;cxx;moc;h;def;odl;idl;res;</Extensions>
    </Filter>
    <Filter Include="Header Files">
      <UniqueIdentifier>{93995380-89BD-4b04-88EB-625FBE52EBFB}</UniqueIdentifier>
      <Extensions>h;hpp;hxx;hm;inl;inc;xsd</Extensions>
    </Filter>
    <Filter Include="Header Files">
      <UniqueIdentifier>{93995380-89BD-4b04-88EB-625FBE52EBFB}</UniqueIdentifier>
      <Extensions>h;hpp;hxx;hm;inl;inc;xsd</Extensions>
    </Filter>
    <Filter Include="Source Files">
      <UniqueIdentifier>{4FC737F1-C7A5-4376-A066-2A32D752A2FF}</UniqueIdentifier>
      <Extensions>cpp;c;cxx;def;odl;idl;hpj;bat;asm;asmx</Extensions>
    </Filter>
    <Filter Include="Source Files">
      <UniqueIdentifier>{4FC737F1-C7A5-4376-A066-2A32D752A2FF}</UniqueIdentifier>
      <Extensions>cpp;c;cxx;def;odl;idl;hpj;bat;asm;asmx</Extensions>
    </Filter>
  </ItemGroup>
  <ItemGroup>
    <ClCompile Include="PDFUtil.cpp">
      <Filter>Source Files</Filter>
    </ClCompile>
    <ClCompile Include="mrannotation.cpp">
      <Filter>Source Files</Filter>
    </ClCompile>
    <ClCompile Include="mrannotationcreator.cpp">
      <Filter>Source Files</Filter>
    </ClCompile>
    <ClCompile Include="mrcontext.cpp">
      <Filter>Source Files</Filter>
    </ClCompile>
    <ClCompile Include="mrdocument.cpp">
      <Filter>Source Files</Filter>
    </ClCompile>
    <ClCompile Include="mrengine.cpp">
      <Filter>Source Files</Filter>
    </ClCompile>
    <ClCompile Include="mrhighlightannotation.cpp">
      <Filter>Source Files</Filter>
    </ClCompile>
    <ClCompile Include="mrlineannotation.cpp">
      <Filter>Source Files</Filter>
    </ClCompile>
    <ClCompile Include="mrpage.cpp">
      <Filter>Source Files</Filter>
    </ClCompile>
    <ClCompile Include="mrsquareannotation.cpp">
      <Filter>Source Files</Filter>
    </ClCompile>
    <ClCompile Include="mrtextannotation.cpp">
      <Filter>Source Files</Filter>
    </ClCompile>
  </ItemGroup>
  <ItemGroup>
    <ClInclude Include="PDFUtil.h">
      <Filter>Header Files</Filter>
    </ClInclude>
    <ClInclude Include="mrannotation.h">
      <Filter>Header Files</Filter>
    </ClInclude>
    <ClInclude Include="mrannotationcreator.h">
      <Filter>Header Files</Filter>
    </ClInclude>
    <ClInclude Include="mrcontext.h">
      <Filter>Header Files</Filter>
    </ClInclude>
    <ClInclude Include="private\mrcontext_p.h">
      <Filter>Header Files</Filter>
    </ClInclude>
    <ClInclude Include="mrdocument.h">
      <Filter>Header Files</Filter>
    </ClInclude>
    <ClInclude Include="private\mrdocument_p.h">
      <Filter>Header Files</Filter>
    </ClInclude>
    <ClInclude Include="mrengine.h">
      <Filter>Header Files</Filter>
    </ClInclude>
    <ClInclude Include="mrhighlightannotation.h">
      <Filter>Header Files</Filter>
    </ClInclude>
    <ClInclude Include="mrlineannotation.h">
      <Filter>Header Files</Filter>
    </ClInclude>
    <ClInclude Include="mrpage.h">
      <Filter>Header Files</Filter>
    </ClInclude>
    <ClInclude Include="private\mrpage_p.h">
      <Filter>Header Files</Filter>
    </ClInclude>
    <ClInclude Include="mrsquareannotation.h">
      <Filter>Header Files</Filter>
    </ClInclude>
    <ClInclude Include="mrtextannotation.h">
      <Filter>Header Files</Filter>
    </ClInclude>
    <ClInclude Include="pdfcore_global.h">
      <Filter>Header Files</Filter>
    </ClInclude>
  </ItemGroup>
  <ItemGroup>
    <CustomBuild Include="debug\moc_predefs.h.cbt">
      <Filter>Generated Files</Filter>
    </CustomBuild>
    <CustomBuild Include="release\moc_predefs.h.cbt">
      <Filter>Generated Files</Filter>
    </CustomBuild>
  </ItemGroup>
</Project>